
Microsoft Visual Studio Solution File, Format Version 12.00
# Visual Studio Version 16
VisualStudioVersion = 16.0.31515.178
MinimumVisualStudioVersion = 10.0.40219.1
Project("{9A19103F-16F7-4668-BE54-9A1E7A4F7556}") = "RomanLiterals", "CodingDojoKatas\RomanLiteras\RomanLiterals.csproj", "{42D989E0-0BFF-4436-97C7-13CB1F999588}"
EndProject
Project("{9A19103F-16F7-4668-BE54-9A1E7A4F7556}") = "RomanLiteralsTests", "CodingDojoKatas\RomanLiteralsTests\RomanLiteralsTests.csproj", "{B3055970-AB5E-4F7B-B29A-7C7C44B06137}"
EndProject
Project("{9A19103F-16F7-4668-BE54-9A1E7A4F7556}") = "FizzBuzz", "FizzBuzz\FizzBuzz.csproj", "{D90F59A3-A400-4C6A-BA0B-DA465344C597}"
EndProject
Project("{9A19103F-16F7-4668-BE54-9A1E7A4F7556}") = "FizzBuzzTests", "FizzBuzzTests\FizzBuzzTests.csproj", "{40004AA2-01AB-4856-8251-9478C4FDF3DC}"
EndProject
Project("{9A19103F-16F7-4668-BE54-9A1E7A4F7556}") = "BowlingGameTests", "BowlingGameTests\BowlingGameTests.csproj", "{BB62114B-B7C9-4162-A3C0-0B66542A9590}"
EndProject
Project("{9A19103F-16F7-4668-BE54-9A1E7A4F7556}") = "BowlingGame", "BowlingGame\BowlingGame.csproj", "{59566196-E07A-496D-9ACF-52ADB047A8A1}"
EndProject
Project("{9A19103F-16F7-4668-BE54-9A1E7A4F7556}") = "BowlingAppModel", "BowlingAppModel\BowlingAppModel.csproj", "{07C3E0C3-1701-4B56-8AA0-587D994AB6B6}"
EndProject
Project("{9A19103F-16F7-4668-BE54-9A1E7A4F7556}") = "BowlingAppModelTests", "BowlingAppModelTests\BowlingAppModelTests.csproj", "{68921428-71D6-4A5A-AF70-93A02AA366B7}"
EndProject
Project("{FAE04EC0-301F-11D3-BF4B-00C04F79EFBC}") = "BowlingAppViewModel", "BowlingAppViewModel\BowlingAppViewModel.csproj", "{51E4B141-C23F-45AB-BDC4-72F358BBCA46}"
EndProject
Project("{FAE04EC0-301F-11D3-BF4B-00C04F79EFBC}") = "BowlingAppViewModelTests", "BowlingAppViewModelTests\BowlingAppViewModelTests.csproj", "{547FA7E7-A4A5-441A-AB5A-3C01D467EC9B}"
EndProject
Global
	GlobalSection(SolutionConfigurationPlatforms) = preSolution
		Debug|Any CPU = Debug|Any CPU
		Release|Any CPU = Release|Any CPU
	EndGlobalSection
	GlobalSection(ProjectConfigurationPlatforms) = postSolution
		{42D989E0-0BFF-4436-97C7-13CB1F999588}.Debug|Any CPU.ActiveCfg = Debug|Any CPU
		{42D989E0-0BFF-4436-97C7-13CB1F999588}.Debug|Any CPU.Build.0 = Debug|Any CPU
		{42D989E0-0BFF-4436-97C7-13CB1F999588}.Release|Any CPU.ActiveCfg = Release|Any CPU
		{42D989E0-0BFF-4436-97C7-13CB1F999588}.Release|Any CPU.Build.0 = Release|Any CPU
		{B3055970-AB5E-4F7B-B29A-7C7C44B06137}.Debug|Any CPU.ActiveCfg = Debug|Any CPU
		{B3055970-AB5E-4F7B-B29A-7C7C44B06137}.Debug|Any CPU.Build.0 = Debug|Any CPU
		{B3055970-AB5E-4F7B-B29A-7C7C44B06137}.Release|Any CPU.ActiveCfg = Release|Any CPU
		{B3055970-AB5E-4F7B-B29A-7C7C44B06137}.Release|Any CPU.Build.0 = Release|Any CPU
		{D90F59A3-A400-4C6A-BA0B-DA465344C597}.Debug|Any CPU.ActiveCfg = Debug|Any CPU
		{D90F59A3-A400-4C6A-BA0B-DA465344C597}.Debug|Any CPU.Build.0 = Debug|Any CPU
		{D90F59A3-A400-4C6A-BA0B-DA465344C597}.Release|Any CPU.ActiveCfg = Release|Any CPU
		{D90F59A3-A400-4C6A-BA0B-DA465344C597}.Release|Any CPU.Build.0 = Release|Any CPU
		{40004AA2-01AB-4856-8251-9478C4FDF3DC}.Debug|Any CPU.ActiveCfg = Debug|Any CPU
		{40004AA2-01AB-4856-8251-9478C4FDF3DC}.Debug|Any CPU.Build.0 = Debug|Any CPU
		{40004AA2-01AB-4856-8251-9478C4FDF3DC}.Release|Any CPU.ActiveCfg = Release|Any CPU
		{40004AA2-01AB-4856-8251-9478C4FDF3DC}.Release|Any CPU.Build.0 = Release|Any CPU
		{BB62114B-B7C9-4162-A3C0-0B66542A9590}.Debug|Any CPU.ActiveCfg = Debug|Any CPU
		{BB62114B-B7C9-4162-A3C0-0B66542A9590}.Debug|Any CPU.Build.0 = Debug|Any CPU
		{BB62114B-B7C9-4162-A3C0-0B66542A9590}.Release|Any CPU.ActiveCfg = Release|Any CPU
		{BB62114B-B7C9-4162-A3C0-0B66542A9590}.Release|Any CPU.Build.0 = Release|Any CPU
		{59566196-E07A-496D-9ACF-52ADB047A8A1}.Debug|Any CPU.ActiveCfg = Debug|Any CPU
		{59566196-E07A-496D-9ACF-52ADB047A8A1}.Debug|Any CPU.Build.0 = Debug|Any CPU
		{59566196-E07A-496D-9ACF-52ADB047A8A1}.Release|Any CPU.ActiveCfg = Release|Any CPU
		{59566196-E07A-496D-9ACF-52ADB047A8A1}.Release|Any CPU.Build.0 = Release|Any CPU
		{07C3E0C3-1701-4B56-8AA0-587D994AB6B6}.Debug|Any CPU.ActiveCfg = Debug|Any CPU
		{07C3E0C3-1701-4B56-8AA0-587D994AB6B6}.Debug|Any CPU.Build.0 = Debug|Any CPU
		{07C3E0C3-1701-4B56-8AA0-587D994AB6B6}.Release|Any CPU.ActiveCfg = Release|Any CPU
		{07C3E0C3-1701-4B56-8AA0-587D994AB6B6}.Release|Any CPU.Build.0 = Release|Any CPU
		{68921428-71D6-4A5A-AF70-93A02AA366B7}.Debug|Any CPU.ActiveCfg = Debug|Any CPU
		{68921428-71D6-4A5A-AF70-93A02AA366B7}.Debug|Any CPU.Build.0 = Debug|Any CPU
		{68921428-71D6-4A5A-AF70-93A02AA366B7}.Release|Any CPU.ActiveCfg = Release|Any CPU
		{68921428-71D6-4A5A-AF70-93A02AA366B7}.Release|Any CPU.Build.0 = Release|Any CPU
		{51E4B141-C23F-45AB-BDC4-72F358BBCA46}.Debug|Any CPU.ActiveCfg = Debug|Any CPU
		{51E4B141-C23F-45AB-BDC4-72F358BBCA46}.Debug|Any CPU.Build.0 = Debug|Any CPU
		{51E4B141-C23F-45AB-BDC4-72F358BBCA46}.Release|Any CPU.ActiveCfg = Release|Any CPU
		{51E4B141-C23F-45AB-BDC4-72F358BBCA46}.Release|Any CPU.Build.0 = Release|Any CPU
		{547FA7E7-A4A5-441A-AB5A-3C01D467EC9B}.Debug|Any CPU.ActiveCfg = Debug|Any CPU
		{547FA7E7-A4A5-441A-AB5A-3C01D467EC9B}.Debug|Any CPU.Build.0 = Debug|Any CPU
		{547FA7E7-A4A5-441A-AB5A-3C01D467EC9B}.Release|Any CPU.ActiveCfg = Release|Any CPU
		{547FA7E7-A4A5-441A-AB5A-3C01D467EC9B}.Release|Any CPU.Build.0 = Release|Any CPU
	EndGlobalSection
	GlobalSection(SolutionProperties) = preSolution
		HideSolutionNode = FALSE
	EndGlobalSection
	GlobalSection(ExtensibilityGlobals) = postSolution
		SolutionGuid = {F0C732E8-E49C-4A77-BE27-4F335A8B3ACE}
	EndGlobalSection
EndGlobal
